
Microsoft Visual Studio Solution File, Format Version 12.00
# Visual Studio Version 16
VisualStudioVersion = 16.0.29709.97
MinimumVisualStudioVersion = 10.0.40219.1
Project("{FAE04EC0-301F-11D3-BF4B-00C04F79EFBC}") = "JenkinsTest", "JenkinsTest\JenkinsTest.csproj", "{B21526F8-2308-48C1-8189-ADD5622C620C}"
EndProject
Global
	GlobalSection(SolutionConfigurationPlatforms) = preSolution
		Debug|Any CPU = Debug|Any CPU
		Release|Any CPU = Release|Any CPU
	EndGlobalSection
	GlobalSection(ProjectConfigurationPlatforms) = postSolution
		{B21526F8-2308-48C1-8189-ADD5622C620C}.Debug|Any CPU.ActiveCfg = Debug|Any CPU
		{B21526F8-2308-48C1-8189-ADD5622C620C}.Debug|Any CPU.Build.0 = Debug|Any CPU
		{B21526F8-2308-48C1-8189-ADD5622C620C}.Release|Any CPU.ActiveCfg = Release|Any CPU
		{B21526F8-2308-48C1-8189-ADD5622C620C}.Release|Any CPU.Build.0 = Release|Any CPU
	EndGlobalSection
	GlobalSection(SolutionProperties) = preSolution
		HideSolutionNode = FALSE
	EndGlobalSection
	GlobalSection(ExtensibilityGlobals) = postSolution
		SolutionGuid = {7EB710EE-C7C3-48A6-A0AD-E4399BC7B497}
	EndGlobalSection
EndGlobal
